
Microsoft Visual Studio Solution File, Format Version 12.00
# Visual Studio Version 17
VisualStudioVersion = 17.5.33414.496
MinimumVisualStudioVersion = 10.0.40219.1
Project("{FAE04EC0-301F-11D3-BF4B-00C04F79EFBC}") = "UrunTakip", "UrunTakip\UrunTakip.csproj", "{E509671A-CFFD-412F-B6DA-63EA033E7765}"
EndProject
Global
	GlobalSection(SolutionConfigurationPlatforms) = preSolution
		Debug|Any CPU = Debug|Any CPU
		Release|Any CPU = Release|Any CPU
	EndGlobalSection
	GlobalSection(ProjectConfigurationPlatforms) = postSolution
		{E509671A-CFFD-412F-B6DA-63EA033E7765}.Debug|Any CPU.ActiveCfg = Debug|Any CPU
		{E509671A-CFFD-412F-B6DA-63EA033E7765}.Debug|Any CPU.Build.0 = Debug|Any CPU
		{E509671A-CFFD-412F-B6DA-63EA033E7765}.Release|Any CPU.ActiveCfg = Release|Any CPU
		{E509671A-CFFD-412F-B6DA-63EA033E7765}.Release|Any CPU.Build.0 = Release|Any CPU
	EndGlobalSection
	GlobalSection(SolutionProperties) = preSolution
		HideSolutionNode = FALSE
	EndGlobalSection
	GlobalSection(ExtensibilityGlobals) = postSolution
		SolutionGuid = {5EF56F1C-BEB7-4BFB-AC3B-62FDF0FE5B87}
	EndGlobalSection
EndGlobal
